<?xml version="1.0" encoding="UTF-8" standalone="yes" ?>
<CodeBlocks_project_file>
	<FileVersion major="1" minor="6" />
	<Project>
		<Option title="general_monitor" />
		<Option pch_mode="2" />
		<Option compiler="ms_visual_c_2012" />
		<Build>
			<Target title="Release">
				<Option output="../../../VELA-CLARA-Controllers-build/VIRTUAL_PYModules/VELA_CLARA_General_Monitor" prefix_auto="1" extension_auto="1" />
				<Option object_output="obj/Release/" />
				<Option type="3" />
				<Option compiler="microsoft_visual_c_2014" />
				<Option createDefFile="1" />
				<Option createStaticLib="1" />
				<Option projectCompilerOptionsRelation="-1" />
				<Option projectLinkerOptionsRelation="-1" />
				<Option projectLibDirsRelation="-1" />
				<Compiler>
					<Add directory="../../Config" />
					<Add directory="../../Hardware" />
					<Add directory="../../Structs" />
					<Add directory="../../Utilities" />
					<Add directory="../../Hardware/general_monitor" />
					<Add directory="../../Structs/general_monitor" />
					<Add directory="../../Utilities/general_monitor" />
					<Add directory="C:/Users/ujo48515/Documents/VELA-CLARA-Controllers/Python Modules/general_monitor/include" />
				</Compiler>
				<MakeCommands>
					<Build command="" />
					<CompileFile command="" />
					<Clean command="" />
					<DistClean command="" />
					<AskRebuildNeeded command="" />
					<SilentBuild command=" &gt; $(CMD_NULL)" />
				</MakeCommands>
			</Target>
		</Build>
		<Unit filename="../../Hardware/VCbase.cpp" />
		<Unit filename="../../Hardware/VCbase.h" />
		<Unit filename="../../Hardware/VCheader.h" />
		<Unit filename="../../Hardware/controller.cpp" />
		<Unit filename="../../Hardware/controller.h" />
		<Unit filename="../../Hardware/interface.cpp" />
		<Unit filename="../../Hardware/interface.h" />
		<Unit filename="../../Structs/gmStructs.h" />
		<Unit filename="../../Structs/structs.h" />
		<Unit filename="../../Utilities/baseObject.cpp" />
		<Unit filename="../../Utilities/baseObject.h" />
		<Unit filename="../../Utilities/configDefinitions.h" />
		<Unit filename="../../Utilities/configReader.cpp" />
		<Unit filename="../../Utilities/configReader.h" />
		<Unit filename="../../Utilities/running_stat.h" />
		<Unit filename="include/VCgeneralMonitor.h" />
		<Unit filename="main.cpp" />
		<Unit filename="main.h" />
		<Unit filename="src/VCgeneralMonitor.cpp" />
		<Extensions />
	</Project>
</CodeBlocks_project_file>
