<?xml version="1.0" encoding="UTF-8" standalone="yes" ?>
<CodeBlocks_project_file>
	<FileVersion major="1" minor="6" />
	<Project>
		<Option title="llrfPYD" />
		<Option pch_mode="2" />
		<Option compiler="ms_visual_c_2012" />
		<Build>
			<Target title="Release">
				<Option output="../../../VELA-CLARA-Controllers-build/VIRTUAL_PYModules/VELA_CLARA_LLRF_Control" prefix_auto="1" extension_auto="1" />
				<Option object_output="obj/Release/" />
				<Option type="3" />
				<Option compiler="microsoft_visual_c_2014" />
				<Option createDefFile="1" />
				<Option createStaticLib="1" />
				<Option projectCompilerOptionsRelation="-1" />
				<Option projectLinkerOptionsRelation="-1" />
				<Option projectLibDirsRelation="-1" />
				<Compiler>
					<Add directory="include" />
					<Add directory="../../Config" />
					<Add directory="../../Hardware/llrf" />
					<Add directory="../../Structs/llrf" />
					<Add directory="../../Utilities/llrf" />
					<Add directory="../../Hardware" />
					<Add directory="../../Structs" />
					<Add directory="../../Utilities" />
				</Compiler>
				<MakeCommands>
					<Build command="" />
					<CompileFile command="" />
					<Clean command="" />
					<DistClean command="" />
					<AskRebuildNeeded command="" />
					<SilentBuild command=" &gt; $(CMD_NULL)" />
				</MakeCommands>
			</Target>
		</Build>
		<Unit filename="../../Hardware/VCbase.cpp" />
		<Unit filename="../../Hardware/VCbase.h" />
		<Unit filename="../../Hardware/VCheader.h" />
		<Unit filename="../../Hardware/controller.cpp" />
		<Unit filename="../../Hardware/controller.h" />
		<Unit filename="../../Hardware/interface.cpp" />
		<Unit filename="../../Hardware/interface.h" />
		<Unit filename="../../Hardware/llrf/liberallrfController.cpp" />
		<Unit filename="../../Hardware/llrf/liberallrfController.h" />
		<Unit filename="../../Hardware/llrf/liberallrfInterface.cpp" />
		<Unit filename="../../Hardware/llrf/liberallrfInterface.h" />
		<Unit filename="../../Structs/llrf/llrfStructs.cpp" />
		<Unit filename="../../Structs/llrf/llrfStructs.h" />
		<Unit filename="../../Structs/structs.h" />
		<Unit filename="../../Utilities/baseObject.cpp" />
		<Unit filename="../../Utilities/baseObject.h" />
		<Unit filename="../../Utilities/configDefinitions.h" />
		<Unit filename="../../Utilities/configReader.cpp" />
		<Unit filename="../../Utilities/configReader.h" />
		<Unit filename="../../Utilities/get_time.h" />
		<Unit filename="../../Utilities/llrf/liberallrfConfigReader.cpp" />
		<Unit filename="../../Utilities/llrf/liberallrfConfigReader.h" />
		<Unit filename="../../Utilities/running_stat.h" />
		<Unit filename="include/VCllrf.h" />
		<Unit filename="include/VCllrf_docstrings.h" />
		<Unit filename="main.cpp" />
		<Unit filename="main.h" />
		<Unit filename="src/VCllrf.cpp" />
		<Extensions>
			<lib_finder disable_auto="1" />
		</Extensions>
	</Project>
</CodeBlocks_project_file>
