<?xml version="1.0" encoding="UTF-8" standalone="yes" ?>
<CodeBlocks_project_file>
	<FileVersion major="1" minor="6" />
	<Project>
		<Option title="vacvalves" />
		<Option pch_mode="2" />
		<Option compiler="ms_visual_c_2012" />
		<Build>
			<Target title="Debug">
				<Option output="bin/Debug/VELA_CLARA_Vac_Valve_Control" prefix_auto="1" extension_auto="1" />
				<Option object_output="obj/Debug/" />
				<Option type="3" />
				<Option compiler="ms_visual_c_2012" />
				<Option createDefFile="1" />
				<Option createStaticLib="1" />
				<Compiler>
					<Add option="/MDd" />
					<Add option="/W3" />
					<Add option="/Zi" />
					<Add option="/EHsc" />
					<Add option="/DBUILD_DLL" />
					<Add option="/D_DEBUG" />
					<Add directory="include" />
					<Add directory="../../Hardware" />
					<Add directory="../../Structs" />
					<Add directory="../../Utilities" />
					<Add directory="../../Hardware/vacuumValve" />
				</Compiler>
				<Linker>
					<Add option="/DEBUG" />
					<Add option="/INCREMENTAL:NO" />
					<Add library="user32" />
				</Linker>
				<ExtraCommands>
					<Add after='mt.exe /nologo /manifest &quot;bin\Debug\vacvalves.dll.manifest&quot; /outputresource:&quot;bin\Debug\vacvalves.dll&quot;;2' />
				</ExtraCommands>
			</Target>
			<Target title="Release">
				<Option output="bin/Release/VELA_CLARA_Vac_Valve_Control" prefix_auto="1" extension_auto="1" />
				<Option object_output="obj/Release/" />
				<Option type="3" />
				<Option compiler="ms_visual_c_2012" />
				<Option createDefFile="1" />
				<Option createStaticLib="1" />
				<Compiler>
					<Add option="/MD" />
					<Add option="/Ox" />
					<Add option="/W3" />
					<Add option="/EHsc" />
					<Add option="/DBUILD_DLL" />
					<Add option="/DNDEBUG" />
					<Add directory="include" />
					<Add directory="../../Hardware" />
					<Add directory="../../Hardware/vacuumValve" />
					<Add directory="../../Structs" />
					<Add directory="../../Utilities" />
				</Compiler>
				<Linker>
					<Add option="/INCREMENTAL:NO" />
					<Add library="user32" />
				</Linker>
				<ExtraCommands>
					<Add after='cmd /c copy /y &quot;$(PROJECT_DIR)$(TARGET_OUTPUT_DIR)$(TARGET_OUTPUT_BASENAME).dll&quot; &quot;$(PROJECT_DIR)$(TARGET_OUTPUT_DIR)$(TARGET_OUTPUT_BASENAME).pyd&quot;' />
				</ExtraCommands>
			</Target>
		</Build>
		<Unit filename="../../Hardware/controller.cpp" />
		<Unit filename="../../Hardware/controller.h" />
		<Unit filename="../../Hardware/interface.cpp" />
		<Unit filename="../../Hardware/interface.h" />
		<Unit filename="../../Hardware/vacuumValve/vacuumValveController.cpp" />
		<Unit filename="../../Hardware/vacuumValve/vacuumValveController.h" />
		<Unit filename="../../Hardware/vacuumValve/vacuumValveInterface.cpp" />
		<Unit filename="../../Hardware/vacuumValve/vacuumValveInterface.h" />
		<Unit filename="../../Structs/structs.h" />
		<Unit filename="../../Structs/vacuumValveStructs.h" />
		<Unit filename="../../Utilities/baseObject.cpp" />
		<Unit filename="../../Utilities/baseObject.h" />
		<Unit filename="../../Utilities/configDefinitions.h" />
		<Unit filename="../../Utilities/configReader.cpp" />
		<Unit filename="../../Utilities/configReader.h" />
		<Unit filename="../../Utilities/vacuumValveConfigReader.cpp" />
		<Unit filename="../../Utilities/vacuumValveConfigReader.h" />
		<Unit filename="include/VCvacValves.h" />
		<Unit filename="main.cpp" />
		<Unit filename="main.h" />
		<Unit filename="src/VCvacValves.cpp" />
		<Extensions>
			<code_completion />
			<envvars />
			<debugger />
			<lib_finder disable_auto="1" />
		</Extensions>
	</Project>
</CodeBlocks_project_file>
