<?xml version="1.0" encoding="UTF-8" standalone="yes" ?>
<CodeBlocks_project_file>
	<FileVersion major="1" minor="6" />
	<Project>
		<Option title="shutter" />
		<Option pch_mode="2" />
		<Option compiler="ms_visual_c_2012" />
		<Build>
			<Target title="Debug">
				<Option output="bin/Debug/shutter" prefix_auto="1" extension_auto="1" />
				<Option object_output="obj/Debug/" />
				<Option type="3" />
				<Option compiler="ms_visual_c_2012" />
				<Option createDefFile="1" />
				<Option createStaticLib="1" />
				<Compiler>
					<Add option="/W3" />
					<Add option="/DBUILD_DLL" />
					<Add option="/Zi" />
					<Add option="/D_DEBUG" />
					<Add option="/EHsc" />
					<Add option="/MDd" />
					<Add directory="include" />
					<Add directory="../../Hardware" />
					<Add directory="../../Utilities" />
					<Add directory="../../Structs" />
					<Add directory="../../Config" />
					<Add directory="../../Hardware/magnet" />
					<Add directory="../../Hardware/screen" />
					<Add directory="../../Hardware/scope" />
					<Add directory="../../Hardware/gun_prot" />
					<Add directory="../../Hardware/vacuumValve" />
					<Add directory="../../Hardware/camera" />
					<Add directory="../../Hardware/beamPositionMonitor" />
					<Add directory="../../Hardware/invertedMagnetronGauge" />
					<Add directory="../../Hardware/shutter" />
					<Add directory="../../Hardware/pilaser" />
				</Compiler>
				<Linker>
					<Add option="/DEBUG" />
					<Add option="/INCREMENTAL:NO" />
					<Add library="user32" />
				</Linker>
				<ExtraCommands>
					<Add after='mt.exe /nologo /manifest &quot;bin\Debug\shutter.dll.manifest&quot; /outputresource:&quot;bin\Debug\shutter.dll&quot;;2' />
				</ExtraCommands>
			</Target>
			<Target title="Release">
				<Option output="\\apclara1\ControlRoomApps\Controllers\bin\stage\VELA_CLARA_Shutter_Control" prefix_auto="1" extension_auto="1" />
				<Option object_output="obj/Release/" />
				<Option type="3" />
				<Option compiler="ms_visual_c_2012" />
				<Option createDefFile="1" />
				<Option createStaticLib="1" />
				<Compiler>
					<Add option="/MD" />
					<Add option="/Ox" />
					<Add option="/W3" />
					<Add option="/EHsc" />
					<Add option="/DBUILD_DLL" />
					<Add option="/DNDEBUG" />
					<Add directory="include" />
					<Add directory="../../Hardware" />
					<Add directory="../../Utilities" />
					<Add directory="../../Utilities/shutter" />
					<Add directory="../../Structs" />
					<Add directory="../../Config" />
					<Add directory="../../Hardware/magnet" />
					<Add directory="../../Hardware/screen" />
					<Add directory="../../Hardware/scope" />
					<Add directory="../../Hardware/gun_prot" />
					<Add directory="../../Hardware/vacuumValve" />
					<Add directory="../../Hardware/camera" />
					<Add directory="../../Hardware/beamPositionMonitor" />
					<Add directory="../../Hardware/invertedMagnetronGauge" />
					<Add directory="../../Hardware/shutter" />
				</Compiler>
				<Linker>
					<Add option="/INCREMENTAL:NO" />
					<Add library="user32" />
				</Linker>
				<ExtraCommands>
					<Add after='cmd /c copy /y &quot;$(TARGET_OUTPUT_DIR)$(TARGET_OUTPUT_BASENAME).dll&quot; &quot;$(TARGET_OUTPUT_DIR)$(TARGET_OUTPUT_BASENAME).pyd&quot;' />
				</ExtraCommands>
			</Target>
		</Build>
		<Unit filename="../../Hardware/VCbase.cpp" />
		<Unit filename="../../Hardware/VCbase.h" />
		<Unit filename="../../Hardware/VCheader.h" />
		<Unit filename="../../Hardware/controller.cpp" />
		<Unit filename="../../Hardware/controller.h" />
		<Unit filename="../../Hardware/interface.cpp" />
		<Unit filename="../../Hardware/interface.h" />
		<Unit filename="../../Hardware/shutter/expose_shutter.h" />
		<Unit filename="../../Hardware/shutter/shutterController.cpp" />
		<Unit filename="../../Hardware/shutter/shutterController.h" />
		<Unit filename="../../Hardware/shutter/shutterInterface.cpp" />
		<Unit filename="../../Hardware/shutter/shutterInterface.h" />
		<Unit filename="../../Structs/shutterStructs.h" />
		<Unit filename="../../Structs/structs.h" />
		<Unit filename="../../Utilities/baseObject.cpp" />
		<Unit filename="../../Utilities/baseObject.h" />
		<Unit filename="../../Utilities/configDefinitions.h" />
		<Unit filename="../../Utilities/configReader.cpp" />
		<Unit filename="../../Utilities/configReader.h" />
		<Unit filename="../../Utilities/shutter/shutterConfigReader.cpp" />
		<Unit filename="../../Utilities/shutter/shutterConfigReader.h" />
		<Unit filename="include/VCshutter.h" />
		<Unit filename="src/VCshutter.cpp" />
		<Extensions>
			<code_completion />
			<envvars />
			<debugger />
			<lib_finder disable_auto="1" />
		</Extensions>
	</Project>
</CodeBlocks_project_file>
