<?xml version="1.0" encoding="UTF-8" standalone="yes" ?>
<CodeBlocks_project_file>
	<FileVersion major="1" minor="6" />
	<Project>
		<Option title="vela_clara_enums" />
		<Option pch_mode="2" />
		<Option compiler="ms_visual_c_2012" />
		<Build>
			<Target title="Release">
				<Option output="../../../VELA-CLARA-Controllers-build/PyModules/VELA_CLARA_enums" prefix_auto="1" extension_auto="1" />
				<Option object_output="obj/Release/" />
				<Option type="3" />
				<Option compiler="microsoft_visual_c_2014" />
				<Option createDefFile="1" />
				<Option createStaticLib="1" />
				<Option projectCompilerOptionsRelation="-1" />
				<Option projectResourceIncludeDirsRelation="-1" />
				<Option projectLibDirsRelation="-1" />
				<Compiler>
					<Add option="/DBUILD_DLL" />
					<Add directory="../../Hardware/" />
					<Add directory="../../Structs" />
					<Add directory="../../Utilities" />
					<Add directory="../../Config" />
					<Add directory="../vela_clara_enums" />
				</Compiler>
				<MakeCommands>
					<Build command="" />
					<CompileFile command="" />
					<Clean command="" />
					<DistClean command="" />
					<AskRebuildNeeded command="" />
					<SilentBuild command=" &gt; $(CMD_NULL)" />
				</MakeCommands>
			</Target>
		</Build>
		<Unit filename="../../Hardware/VCheader.h">
			<Option target="&lt;{~None~}&gt;" />
		</Unit>
		<Unit filename="../../Structs/structs.h">
			<Option target="&lt;{~None~}&gt;" />
		</Unit>
		<Unit filename="main.cpp" />
		<Unit filename="main.h">
			<Option target="&lt;{~None~}&gt;" />
		</Unit>
		<Extensions>
			<lib_finder disable_auto="1" />
		</Extensions>
	</Project>
</CodeBlocks_project_file>
